
Microsoft Visual Studio Solution File, Format Version 12.00
# Visual Studio 15
VisualStudioVersion = 15.0.28010.2019
MinimumVisualStudioVersion = 10.0.40219.1
Project("{FAE04EC0-301F-11D3-BF4B-00C04F79EFBC}") = "CS9_9_5", "CS9_9_5\CS9_9_5.csproj", "{4D325C88-BD1A-4224-8AE6-FDAC2621138E}"
EndProject
Global
	GlobalSection(SolutionConfigurationPlatforms) = preSolution
		Debug|Any CPU = Debug|Any CPU
		Release|Any CPU = Release|Any CPU
	EndGlobalSection
	GlobalSection(ProjectConfigurationPlatforms) = postSolution
		{4D325C88-BD1A-4224-8AE6-FDAC2621138E}.Debug|Any CPU.ActiveCfg = Debug|Any CPU
		{4D325C88-BD1A-4224-8AE6-FDAC2621138E}.Debug|Any CPU.Build.0 = Debug|Any CPU
		{4D325C88-BD1A-4224-8AE6-FDAC2621138E}.Release|Any CPU.ActiveCfg = Release|Any CPU
		{4D325C88-BD1A-4224-8AE6-FDAC2621138E}.Release|Any CPU.Build.0 = Release|Any CPU
	EndGlobalSection
	GlobalSection(SolutionProperties) = preSolution
		HideSolutionNode = FALSE
	EndGlobalSection
	GlobalSection(ExtensibilityGlobals) = postSolution
		SolutionGuid = {09CD0CB8-BBA6-4E8D-B7A9-6CDE61E65EF8}
	EndGlobalSection
EndGlobal
