
Microsoft Visual Studio Solution File, Format Version 12.00
# Visual Studio 15
VisualStudioVersion = 15.0.28010.2019
MinimumVisualStudioVersion = 10.0.40219.1
Project("{FAE04EC0-301F-11D3-BF4B-00C04F79EFBC}") = "topic6", "topic6\topic6.csproj", "{E2158AEB-D420-42C5-9F0D-51C25E72A8B1}"
EndProject
Project("{FAE04EC0-301F-11D3-BF4B-00C04F79EFBC}") = "topic7", "topic7\topic7.csproj", "{61BEDA84-545D-4E88-8CEB-BF5ED7F497C6}"
EndProject
Project("{FAE04EC0-301F-11D3-BF4B-00C04F79EFBC}") = "topic9", "topic9\topic9.csproj", "{805F7F07-43F9-4EE3-B2AF-6151CA626F7B}"
EndProject
Global
	GlobalSection(SolutionConfigurationPlatforms) = preSolution
		Debug|Any CPU = Debug|Any CPU
		Release|Any CPU = Release|Any CPU
	EndGlobalSection
	GlobalSection(ProjectConfigurationPlatforms) = postSolution
		{E2158AEB-D420-42C5-9F0D-51C25E72A8B1}.Debug|Any CPU.ActiveCfg = Debug|Any CPU
		{E2158AEB-D420-42C5-9F0D-51C25E72A8B1}.Debug|Any CPU.Build.0 = Debug|Any CPU
		{E2158AEB-D420-42C5-9F0D-51C25E72A8B1}.Release|Any CPU.ActiveCfg = Release|Any CPU
		{E2158AEB-D420-42C5-9F0D-51C25E72A8B1}.Release|Any CPU.Build.0 = Release|Any CPU
		{61BEDA84-545D-4E88-8CEB-BF5ED7F497C6}.Debug|Any CPU.ActiveCfg = Debug|Any CPU
		{61BEDA84-545D-4E88-8CEB-BF5ED7F497C6}.Debug|Any CPU.Build.0 = Debug|Any CPU
		{61BEDA84-545D-4E88-8CEB-BF5ED7F497C6}.Release|Any CPU.ActiveCfg = Release|Any CPU
		{61BEDA84-545D-4E88-8CEB-BF5ED7F497C6}.Release|Any CPU.Build.0 = Release|Any CPU
		{805F7F07-43F9-4EE3-B2AF-6151CA626F7B}.Debug|Any CPU.ActiveCfg = Debug|Any CPU
		{805F7F07-43F9-4EE3-B2AF-6151CA626F7B}.Debug|Any CPU.Build.0 = Debug|Any CPU
		{805F7F07-43F9-4EE3-B2AF-6151CA626F7B}.Release|Any CPU.ActiveCfg = Release|Any CPU
		{805F7F07-43F9-4EE3-B2AF-6151CA626F7B}.Release|Any CPU.Build.0 = Release|Any CPU
	EndGlobalSection
	GlobalSection(SolutionProperties) = preSolution
		HideSolutionNode = FALSE
	EndGlobalSection
	GlobalSection(ExtensibilityGlobals) = postSolution
		SolutionGuid = {9E8A5045-5FA0-47C3-A22F-5D0B9F018B2E}
	EndGlobalSection
EndGlobal
